
Microsoft Visual Studio Solution File, Format Version 12.00
# Visual Studio Version 16
VisualStudioVersion = 25.0.1700.0
MinimumVisualStudioVersion = 10.0.40219.1
Project("{FAE04EC0-301F-11D3-BF4B-00C04F79EFBC}") = "ArvatoV6", "ArvatoV6\ArvatoV6.csproj", "{2AD9F79A-2333-4024-81D1-2F9ACA14F71E}"
EndProject
Project("{FAE04EC0-301F-11D3-BF4B-00C04F79EFBC}") = "ArvatoV6.Tests", "ArvatoV6.Tests\ArvatoV6.Tests.csproj", "{723DBF24-C4DD-442E-AB88-96FE201A6A00}"
EndProject
Project("{FAE04EC0-301F-11D3-BF4B-00C04F79EFBC}") = "ArvatoV6.AutoTests", "ArvatoV6.AutoTests\ArvatoV6.AutoTests.csproj", "{DD2B0FCE-4D1C-4001-BCB7-3305271F857F}"
EndProject
Global
	GlobalSection(SolutionConfigurationPlatforms) = preSolution
		Debug|Any CPU = Debug|Any CPU
		Release|Any CPU = Release|Any CPU
	EndGlobalSection
	GlobalSection(ProjectConfigurationPlatforms) = postSolution
		{2AD9F79A-2333-4024-81D1-2F9ACA14F71E}.Debug|Any CPU.ActiveCfg = Debug|Any CPU
		{2AD9F79A-2333-4024-81D1-2F9ACA14F71E}.Debug|Any CPU.Build.0 = Debug|Any CPU
		{2AD9F79A-2333-4024-81D1-2F9ACA14F71E}.Release|Any CPU.ActiveCfg = Release|Any CPU
		{2AD9F79A-2333-4024-81D1-2F9ACA14F71E}.Release|Any CPU.Build.0 = Release|Any CPU
		{723DBF24-C4DD-442E-AB88-96FE201A6A00}.Debug|Any CPU.ActiveCfg = Debug|Any CPU
		{723DBF24-C4DD-442E-AB88-96FE201A6A00}.Debug|Any CPU.Build.0 = Debug|Any CPU
		{723DBF24-C4DD-442E-AB88-96FE201A6A00}.Release|Any CPU.ActiveCfg = Release|Any CPU
		{723DBF24-C4DD-442E-AB88-96FE201A6A00}.Release|Any CPU.Build.0 = Release|Any CPU
		{DD2B0FCE-4D1C-4001-BCB7-3305271F857F}.Debug|Any CPU.ActiveCfg = Debug|Any CPU
		{DD2B0FCE-4D1C-4001-BCB7-3305271F857F}.Debug|Any CPU.Build.0 = Debug|Any CPU
		{DD2B0FCE-4D1C-4001-BCB7-3305271F857F}.Release|Any CPU.ActiveCfg = Release|Any CPU
		{DD2B0FCE-4D1C-4001-BCB7-3305271F857F}.Release|Any CPU.Build.0 = Release|Any CPU
	EndGlobalSection
	GlobalSection(SolutionProperties) = preSolution
		HideSolutionNode = FALSE
	EndGlobalSection
	GlobalSection(ExtensibilityGlobals) = postSolution
		SolutionGuid = {3C4CE6AF-EBA9-4D99-9B10-70AB50154E45}
	EndGlobalSection
EndGlobal
